
Microsoft Visual Studio Solution File, Format Version 12.00
# Visual Studio Version 16
VisualStudioVersion = 16.0.34031.81
MinimumVisualStudioVersion = 10.0.40219.1
Project("{FAE04EC0-301F-11D3-BF4B-00C04F79EFBC}") = "MemberAutomationSystem", "MemberAutomationSystem\MemberAutomationSystem.csproj", "{478110BA-AA2F-4D88-819E-C1650E31C46E}"
EndProject
Global
	GlobalSection(SolutionConfigurationPlatforms) = preSolution
		Debug|Any CPU = Debug|Any CPU
		Release|Any CPU = Release|Any CPU
	EndGlobalSection
	GlobalSection(ProjectConfigurationPlatforms) = postSolution
		{478110BA-AA2F-4D88-819E-C1650E31C46E}.Debug|Any CPU.ActiveCfg = Debug|Any CPU
		{478110BA-AA2F-4D88-819E-C1650E31C46E}.Debug|Any CPU.Build.0 = Debug|Any CPU
		{478110BA-AA2F-4D88-819E-C1650E31C46E}.Release|Any CPU.ActiveCfg = Release|Any CPU
		{478110BA-AA2F-4D88-819E-C1650E31C46E}.Release|Any CPU.Build.0 = Release|Any CPU
	EndGlobalSection
	GlobalSection(SolutionProperties) = preSolution
		HideSolutionNode = FALSE
	EndGlobalSection
	GlobalSection(ExtensibilityGlobals) = postSolution
		SolutionGuid = {D2EC11A4-EBCD-44DB-9484-092584F7D4BE}
	EndGlobalSection
EndGlobal
